// !$*UTF8*$!
{
	archiveVersion = 1;
	classes = {
	};
	objectVersion = 50;
	objects = {

/* Begin PBXBuildFile section */
		D70FE651211B16DA00D2C382 /* AppDelegate.swift in Sources */ = {isa = PBXBuildFile; fileRef = D70FE650211B16DA00D2C382 /* AppDelegate.swift */; };
		D70FE653211B16DA00D2C382 /* ViewController.swift in Sources */ = {isa = PBXBuildFile; fileRef = D70FE652211B16DA00D2C382 /* ViewController.swift */; };
		D70FE656211B16DA00D2C382 /* Main.storyboard in Resources */ = {isa = PBXBuildFile; fileRef = D70FE654211B16DA00D2C382 /* Main.storyboard */; };
		D70FE658211B16DB00D2C382 /* Assets.xcassets in Resources */ = {isa = PBXBuildFile; fileRef = D70FE657211B16DB00D2C382 /* Assets.xcassets */; };
		D70FE65B211B16DB00D2C382 /* LaunchScreen.storyboard in Resources */ = {isa = PBXBuildFile; fileRef = D70FE659211B16DB00D2C382 /* LaunchScreen.storyboard */; };
		D70FE666211B16DB00D2C382 /* HeaderViewTests.swift in Sources */ = {isa = PBXBuildFile; fileRef = D70FE665211B16DB00D2C382 /* HeaderViewTests.swift */; };
		D75A242E211C32220039E9F5 /* huj.jpg in Resources */ = {isa = PBXBuildFile; fileRef = D75A242D211C32220039E9F5 /* huj.jpg */; };
/* End PBXBuildFile section */

/* Begin PBXContainerItemProxy section */
		D70FE662211B16DB00D2C382 /* PBXContainerItemProxy */ = {
			isa = PBXContainerItemProxy;
			containerPortal = D70FE645211B16DA00D2C382 /* Project object */;
			proxyType = 1;
			remoteGlobalIDString = D70FE64C211B16DA00D2C382;
			remoteInfo = HeaderView;
		};
/* End PBXContainerItemProxy section */

/* Begin PBXFileReference section */
		D70FE64D211B16DA00D2C382 /* HeaderView.app */ = {isa = PBXFileReference; explicitFileType = wrapper.application; includeInIndex = 0; path = HeaderView.app; sourceTree = BUILT_PRODUCTS_DIR; };
		D70FE650211B16DA00D2C382 /* AppDelegate.swift */ = {isa = PBXFileReference; lastKnownFileType = sourcecode.swift; path = AppDelegate.swift; sourceTree = "<group>"; };
		D70FE652211B16DA00D2C382 /* ViewController.swift */ = {isa = PBXFileReference; lastKnownFileType = sourcecode.swift; path = ViewController.swift; sourceTree = "<group>"; };
		D70FE655211B16DA00D2C382 /* Base */ = {isa = PBXFileReference; lastKnownFileType = file.storyboard; name = Base; path = Base.lproj/Main.storyboard; sourceTree = "<group>"; };
		D70FE657211B16DB00D2C382 /* Assets.xcassets */ = {isa = PBXFileReference; lastKnownFileType = folder.assetcatalog; path = Assets.xcassets; sourceTree = "<group>"; };
		D70FE65A211B16DB00D2C382 /* Base */ = {isa = PBXFileReference; lastKnownFileType = file.storyboard; name = Base; path = Base.lproj/LaunchScreen.storyboard; sourceTree = "<group>"; };
		D70FE65C211B16DB00D2C382 /* Info.plist */ = {isa = PBXFileReference; lastKnownFileType = text.plist.xml; path = Info.plist; sourceTree = "<group>"; };
		D70FE661211B16DB00D2C382 /* HeaderViewTests.xctest */ = {isa = PBXFileReference; explicitFileType = wrapper.cfbundle; includeInIndex = 0; path = HeaderViewTests.xctest; sourceTree = BUILT_PRODUCTS_DIR; };
		D70FE665211B16DB00D2C382 /* HeaderViewTests.swift */ = {isa = PBXFileReference; lastKnownFileType = sourcecode.swift; path = HeaderViewTests.swift; sourceTree = "<group>"; };
		D70FE667211B16DB00D2C382 /* Info.plist */ = {isa = PBXFileReference; lastKnownFileType = text.plist.xml; path = Info.plist; sourceTree = "<group>"; };
		D75A242D211C32220039E9F5 /* huj.jpg */ = {isa = PBXFileReference; lastKnownFileType = image.jpeg; path = huj.jpg; sourceTree = "<group>"; };
/* End PBXFileReference section */

/* Begin PBXFrameworksBuildPhase section */
		D70FE64A211B16DA00D2C382 /* Frameworks */ = {
			isa = PBXFrameworksBuildPhase;
			buildActionMask = 2147483647;
			files = (
			);
			runOnlyForDeploymentPostprocessing = 0;
		};
		D70FE65E211B16DB00D2C382 /* Frameworks */ = {
			isa = PBXFrameworksBuildPhase;
			buildActionMask = 2147483647;
			files = (
			);
			runOnlyForDeploymentPostprocessing = 0;
		};
/* End PBXFrameworksBuildPhase section */

/* Begin PBXGroup section */
		D70FE644211B16DA00D2C382 = {
			isa = PBXGroup;
			children = (
				D70FE64F211B16DA00D2C382 /* HeaderView */,
				D70FE664211B16DB00D2C382 /* HeaderViewTests */,
				D70FE64E211B16DA00D2C382 /* Products */,
			);
			sourceTree = "<group>";
		};
		D70FE64E211B16DA00D2C382 /* Products */ = {
			isa = PBXGroup;
			children = (
				D70FE64D211B16DA00D2C382 /* HeaderView.app */,
				D70FE661211B16DB00D2C382 /* HeaderViewTests.xctest */,
			);
			name = Products;
			sourceTree = "<group>";
		};
		D70FE64F211B16DA00D2C382 /* HeaderView */ = {
			isa = PBXGroup;
			children = (
				D75A242D211C32220039E9F5 /* huj.jpg */,
				D70FE650211B16DA00D2C382 /* AppDelegate.swift */,
				D70FE652211B16DA00D2C382 /* ViewController.swift */,
				D70FE654211B16DA00D2C382 /* Main.storyboard */,
				D70FE657211B16DB00D2C382 /* Assets.xcassets */,
				D70FE659211B16DB00D2C382 /* LaunchScreen.storyboard */,
				D70FE65C211B16DB00D2C382 /* Info.plist */,
			);
			path = HeaderView;
			sourceTree = "<group>";
		};
		D70FE664211B16DB00D2C382 /* HeaderViewTests */ = {
			isa = PBXGroup;
			children = (
				D70FE665211B16DB00D2C382 /* HeaderViewTests.swift */,
				D70FE667211B16DB00D2C382 /* Info.plist */,
			);
			path = HeaderViewTests;
			sourceTree = "<group>";
		};
/* End PBXGroup section */

/* Begin PBXNativeTarget section */
		D70FE64C211B16DA00D2C382 /* HeaderView */ = {
			isa = PBXNativeTarget;
			buildConfigurationList = D70FE66A211B16DB00D2C382 /* Build configuration list for PBXNativeTarget "HeaderView" */;
			buildPhases = (
				D70FE649211B16DA00D2C382 /* Sources */,
				D70FE64A211B16DA00D2C382 /* Frameworks */,
				D70FE64B211B16DA00D2C382 /* Resources */,
			);
			buildRules = (
			);
			dependencies = (
			);
			name = HeaderView;
			productName = HeaderView;
			productReference = D70FE64D211B16DA00D2C382 /* HeaderView.app */;
			productType = "com.apple.product-type.application";
		};
		D70FE660211B16DB00D2C382 /* HeaderViewTests */ = {
			isa = PBXNativeTarget;
			buildConfigurationList = D70FE66D211B16DB00D2C382 /* Build configuration list for PBXNativeTarget "HeaderViewTests" */;
			buildPhases = (
				D70FE65D211B16DB00D2C382 /* Sources */,
				D70FE65E211B16DB00D2C382 /* Frameworks */,
				D70FE65F211B16DB00D2C382 /* Resources */,
			);
			buildRules = (
			);
			dependencies = (
				D70FE663211B16DB00D2C382 /* PBXTargetDependency */,
			);
			name = HeaderViewTests;
			productName = HeaderViewTests;
			productReference = D70FE661211B16DB00D2C382 /* HeaderViewTests.xctest */;
			productType = "com.apple.product-type.bundle.unit-test";
		};
/* End PBXNativeTarget section */

/* Begin PBXProject section */
		D70FE645211B16DA00D2C382 /* Project object */ = {
			isa = PBXProject;
			attributes = {
				LastSwiftUpdateCheck = 0940;
				LastUpgradeCheck = 0940;
				ORGANIZATIONNAME = "Hussein Jaber";
				TargetAttributes = {
					D70FE64C211B16DA00D2C382 = {
						CreatedOnToolsVersion = 9.4.1;
					};
					D70FE660211B16DB00D2C382 = {
						CreatedOnToolsVersion = 9.4.1;
						TestTargetID = D70FE64C211B16DA00D2C382;
					};
				};
			};
			buildConfigurationList = D70FE648211B16DA00D2C382 /* Build configuration list for PBXProject "HeaderView" */;
			compatibilityVersion = "Xcode 9.3";
			developmentRegion = en;
			hasScannedForEncodings = 0;
			knownRegions = (
				en,
				Base,
			);
			mainGroup = D70FE644211B16DA00D2C382;
			productRefGroup = D70FE64E211B16DA00D2C382 /* Products */;
			projectDirPath = "";
			projectRoot = "";
			targets = (
				D70FE64C211B16DA00D2C382 /* HeaderView */,
				D70FE660211B16DB00D2C382 /* HeaderViewTests */,
			);
		};
/* End PBXProject section */

/* Begin PBXResourcesBuildPhase section */
		D70FE64B211B16DA00D2C382 /* Resources */ = {
			isa = PBXResourcesBuildPhase;
			buildActionMask = 2147483647;
			files = (
				D75A242E211C32220039E9F5 /* huj.jpg in Resources */,
				D70FE65B211B16DB00D2C382 /* LaunchScreen.storyboard in Resources */,
				D70FE658211B16DB00D2C382 /* Assets.xcassets in Resources */,
				D70FE656211B16DA00D2C382 /* Main.storyboard in Resources */,
			);
			runOnlyForDeploymentPostprocessing = 0;
		};
		D70FE65F211B16DB00D2C382 /* Resources */ = {
			isa = PBXResourcesBuildPhase;
			buildActionMask = 2147483647;
			files = (
			);
			runOnlyForDeploymentPostprocessing = 0;
		};
/* End PBXResourcesBuildPhase section */

/* Begin PBXSourcesBuildPhase section */
		D70FE649211B16DA00D2C382 /* Sources */ = {
			isa = PBXSourcesBuildPhase;
			buildActionMask = 2147483647;
			files = (
				D70FE653211B16DA00D2C382 /* ViewController.swift in Sources */,
				D70FE651211B16DA00D2C382 /* AppDelegate.swift in Sources */,
			);
			runOnlyForDeploymentPostprocessing = 0;
		};
		D70FE65D211B16DB00D2C382 /* Sources */ = {
			isa = PBXSourcesBuildPhase;
			buildActionMask = 2147483647;
			files = (
				D70FE666211B16DB00D2C382 /* HeaderViewTests.swift in Sources */,
			);
			runOnlyForDeploymentPostprocessing = 0;
		};
/* End PBXSourcesBuildPhase section */

/* Begin PBXTargetDependency section */
		D70FE663211B16DB00D2C382 /* PBXTargetDependency */ = {
			isa = PBXTargetDependency;
			target = D70FE64C211B16DA00D2C382 /* HeaderView */;
			targetProxy = D70FE662211B16DB00D2C382 /* PBXContainerItemProxy */;
		};
/* End PBXTargetDependency section */

/* Begin PBXVariantGroup section */
		D70FE654211B16DA00D2C382 /* Main.storyboard */ = {
			isa = PBXVariantGroup;
			children = (
				D70FE655211B16DA00D2C382 /* Base */,
			);
			name = Main.storyboard;
			sourceTree = "<group>";
		};
		D70FE659211B16DB00D2C382 /* LaunchScreen.storyboard */ = {
			isa = PBXVariantGroup;
			children = (
				D70FE65A211B16DB00D2C382 /* Base */,
			);
			name = LaunchScreen.storyboard;
			sourceTree = "<group>";
		};
/* End PBXVariantGroup section */

/* Begin XCBuildConfiguration section */
		D70FE668211B16DB00D2C382 /* Debug */ = {
			isa = XCBuildConfiguration;
			buildSettings = {
				ALWAYS_SEARCH_USER_PATHS = NO;
				CLANG_ANALYZER_NONNULL = YES;
				CLANG_ANALYZER_NUMBER_OBJECT_CONVERSION = YES_AGGRESSIVE;
				CLANG_CXX_LANGUAGE_STANDARD = "gnu++14";
				CLANG_CXX_LIBRARY = "libc++";
				CLANG_ENABLE_MODULES = YES;
				CLANG_ENABLE_OBJC_ARC = YES;
				CLANG_ENABLE_OBJC_WEAK = YES;
				CLANG_WARN_BLOCK_CAPTURE_AUTORELEASING = YES;
				CLANG_WARN_BOOL_CONVERSION = YES;
				CLANG_WARN_COMMA = YES;
				CLANG_WARN_CONSTANT_CONVERSION = YES;
				CLANG_WARN_DEPRECATED_OBJC_IMPLEMENTATIONS = YES;
				CLANG_WARN_DIRECT_OBJC_ISA_USAGE = YES_ERROR;
				CLANG_WARN_DOCUMENTATION_COMMENTS = YES;
				CLANG_WARN_EMPTY_BODY = YES;
				CLANG_WARN_ENUM_CONVERSION = YES;
				CLANG_WARN_INFINITE_RECURSION = YES;
				CLANG_WARN_INT_CONVERSION = YES;
				CLANG_WARN_NON_LITERAL_NULL_CONVERSION = YES;
				CLANG_WARN_OBJC_IMPLICIT_RETAIN_SELF = YES;
				CLANG_WARN_OBJC_LITERAL_CONVERSION = YES;
				CLANG_WARN_OBJC_ROOT_CLASS = YES_ERROR;
				CLANG_WARN_RANGE_LOOP_ANALYSIS = YES;
				CLANG_WARN_STRICT_PROTOTYPES = YES;
				CLANG_WARN_SUSPICIOUS_MOVE = YES;
				CLANG_WARN_UNGUARDED_AVAILABILITY = YES_AGGRESSIVE;
				CLANG_WARN_UNREACHABLE_CODE = YES;
				CLANG_WARN__DUPLICATE_METHOD_MATCH = YES;
				CODE_SIGN_IDENTITY = "iPhone Developer";
				COPY_PHASE_STRIP = NO;
				DEBUG_INFORMATION_FORMAT = dwarf;
				ENABLE_STRICT_OBJC_MSGSEND = YES;
				ENABLE_TESTABILITY = YES;
				GCC_C_LANGUAGE_STANDARD = gnu11;
				GCC_DYNAMIC_NO_PIC = NO;
				GCC_NO_COMMON_BLOCKS = YES;
				GCC_OPTIMIZATION_LEVEL = 0;
				GCC_PREPROCESSOR_DEFINITIONS = (
					"DEBUG=1",
					"$(inherited)",
				);
				GCC_WARN_64_TO_32_BIT_CONVERSION = YES;
				GCC_WARN_ABOUT_RETURN_TYPE = YES_ERROR;
				GCC_WARN_UNDECLARED_SELECTOR = YES;
				GCC_WARN_UNINITIALIZED_AUTOS = YES_AGGRESSIVE;
				GCC_WARN_UNUSED_FUNCTION = YES;
				GCC_WARN_UNUSED_VARIABLE = YES;
				IPHONEOS_DEPLOYMENT_TARGET = 11.4;
				MTL_ENABLE_DEBUG_INFO = YES;
				ONLY_ACTIVE_ARCH = YES;
				SDKROOT = iphoneos;
				SWIFT_ACTIVE_COMPILATION_CONDITIONS = DEBUG;
				SWIFT_OPTIMIZATION_LEVEL = "-Onone";
			};
			name = Debug;
		};
		D70FE669211B16DB00D2C382 /* Release */ = {
			isa = XCBuildConfiguration;
			buildSettings = {
				ALWAYS_SEARCH_USER_PATHS = NO;
				CLANG_ANALYZER_NONNULL = YES;
				CLANG_ANALYZER_NUMBER_OBJECT_CONVERSION = YES_AGGRESSIVE;
				CLANG_CXX_LANGUAGE_STANDARD = "gnu++14";
				CLANG_CXX_LIBRARY = "libc++";
				CLANG_ENABLE_MODULES = YES;
				CLANG_ENABLE_OBJC_ARC = YES;
				CLANG_ENABLE_OBJC_WEAK = YES;
				CLANG_WARN_BLOCK_CAPTURE_AUTORELEASING = YES;
				CLANG_WARN_BOOL_CONVERSION = YES;
				CLANG_WARN_COMMA = YES;
				CLANG_WARN_CONSTANT_CONVERSION = YES;
				CLANG_WARN_DEPRECATED_OBJC_IMPLEMENTATIONS = YES;
				CLANG_WARN_DIRECT_OBJC_ISA_USAGE = YES_ERROR;
				CLANG_WARN_DOCUMENTATION_COMMENTS = YES;
				CLANG_WARN_EMPTY_BODY = YES;
				CLANG_WARN_ENUM_CONVERSION = YES;
				CLANG_WARN_INFINITE_RECURSION = YES;
				CLANG_WARN_INT_CONVERSION = YES;
				CLANG_WARN_NON_LITERAL_NULL_CONVERSION = YES;
				CLANG_WARN_OBJC_IMPLICIT_RETAIN_SELF = YES;
				CLANG_WARN_OBJC_LITERAL_CONVERSION = YES;
				CLANG_WARN_OBJC_ROOT_CLASS = YES_ERROR;
				CLANG_WARN_RANGE_LOOP_ANALYSIS = YES;
				CLANG_WARN_STRICT_PROTOTYPES = YES;
				CLANG_WARN_SUSPICIOUS_MOVE = YES;
				CLANG_WARN_UNGUARDED_AVAILABILITY = YES_AGGRESSIVE;
				CLANG_WARN_UNREACHABLE_CODE = YES;
				CLANG_WARN__DUPLICATE_METHOD_MATCH = YES;
				CODE_SIGN_IDENTITY = "iPhone Developer";
				COPY_PHASE_STRIP = NO;
				DEBUG_INFORMATION_FORMAT = "dwarf-with-dsym";
				ENABLE_NS_ASSERTIONS = NO;
				ENABLE_STRICT_OBJC_MSGSEND = YES;
				GCC_C_LANGUAGE_STANDARD = gnu11;
				GCC_NO_COMMON_BLOCKS = YES;
				GCC_WARN_64_TO_32_BIT_CONVERSION = YES;
				GCC_WARN_ABOUT_RETURN_TYPE = YES_ERROR;
				GCC_WARN_UNDECLARED_SELECTOR = YES;
				GCC_WARN_UNINITIALIZED_AUTOS = YES_AGGRESSIVE;
				GCC_WARN_UNUSED_FUNCTION = YES;
				GCC_WARN_UNUSED_VARIABLE = YES;
				IPHONEOS_DEPLOYMENT_TARGET = 11.4;
				MTL_ENABLE_DEBUG_INFO = NO;
				SDKROOT = iphoneos;
				SWIFT_COMPILATION_MODE = wholemodule;
				SWIFT_OPTIMIZATION_LEVEL = "-O";
				VALIDATE_PRODUCT = YES;
			};
			name = Release;
		};
		D70FE66B211B16DB00D2C382 /* Debug */ = {
			isa = XCBuildConfiguration;
			buildSettings = {
				ASSETCATALOG_COMPILER_APPICON_NAME = AppIcon;
				CODE_SIGN_STYLE = Automatic;
				DEVELOPMENT_TEAM = SGAW4ZB949;
				INFOPLIST_FILE = HeaderView/Info.plist;
				LD_RUNPATH_SEARCH_PATHS = (
					"$(inherited)",
					"@executable_path/Frameworks",
				);
				PRODUCT_BUNDLE_IDENTIFIER = hujaber.HeaderView;
				PRODUCT_NAME = "$(TARGET_NAME)";
				SWIFT_VERSION = 4.0;
				TARGETED_DEVICE_FAMILY = "1,2";
			};
			name = Debug;
		};
		D70FE66C211B16DB00D2C382 /* Release */ = {
			isa = XCBuildConfiguration;
			buildSettings = {
				ASSETCATALOG_COMPILER_APPICON_NAME = AppIcon;
				CODE_SIGN_STYLE = Automatic;
				DEVELOPMENT_TEAM = SGAW4ZB949;
				INFOPLIST_FILE = HeaderView/Info.plist;
				LD_RUNPATH_SEARCH_PATHS = (
					"$(inherited)",
					"@executable_path/Frameworks",
				);
				PRODUCT_BUNDLE_IDENTIFIER = hujaber.HeaderView;
				PRODUCT_NAME = "$(TARGET_NAME)";
				SWIFT_VERSION = 4.0;
				TARGETED_DEVICE_FAMILY = "1,2";
			};
			name = Release;
		};
		D70FE66E211B16DB00D2C382 /* Debug */ = {
			isa = XCBuildConfiguration;
			buildSettings = {
				ALWAYS_EMBED_SWIFT_STANDARD_LIBRARIES = YES;
				BUNDLE_LOADER = "$(TEST_HOST)";
				CODE_SIGN_STYLE = Automatic;
				DEVELOPMENT_TEAM = SGAW4ZB949;
				INFOPLIST_FILE = HeaderViewTests/Info.plist;
				LD_RUNPATH_SEARCH_PATHS = (
					"$(inherited)",
					"@executable_path/Frameworks",
					"@loader_path/Frameworks",
				);
				PRODUCT_BUNDLE_IDENTIFIER = hujaber.HeaderViewTests;
				PRODUCT_NAME = "$(TARGET_NAME)";
				SWIFT_VERSION = 4.0;
				TARGETED_DEVICE_FAMILY = "1,2";
				TEST_HOST = "$(BUILT_PRODUCTS_DIR)/HeaderView.app/HeaderView";
			};
			name = Debug;
		};
		D70FE66F211B16DB00D2C382 /* Release */ = {
			isa = XCBuildConfiguration;
			buildSettings = {
				ALWAYS_EMBED_SWIFT_STANDARD_LIBRARIES = YES;
				BUNDLE_LOADER = "$(TEST_HOST)";
				CODE_SIGN_STYLE = Automatic;
				DEVELOPMENT_TEAM = SGAW4ZB949;
				INFOPLIST_FILE = HeaderViewTests/Info.plist;
				LD_RUNPATH_SEARCH_PATHS = (
					"$(inherited)",
					"@executable_path/Frameworks",
					"@loader_path/Frameworks",
				);
				PRODUCT_BUNDLE_IDENTIFIER = hujaber.HeaderViewTests;
				PRODUCT_NAME = "$(TARGET_NAME)";
				SWIFT_VERSION = 4.0;
				TARGETED_DEVICE_FAMILY = "1,2";
				TEST_HOST = "$(BUILT_PRODUCTS_DIR)/HeaderView.app/HeaderView";
			};
			name = Release;
		};
/* End XCBuildConfiguration section */

/* Begin XCConfigurationList section */
		D70FE648211B16DA00D2C382 /* Build configuration list for PBXProject "HeaderView" */ = {
			isa = XCConfigurationList;
			buildConfigurations = (
				D70FE668211B16DB00D2C382 /* Debug */,
				D70FE669211B16DB00D2C382 /* Release */,
			);
			defaultConfigurationIsVisible = 0;
			defaultConfigurationName = Release;
		};
		D70FE66A211B16DB00D2C382 /* Build configuration list for PBXNativeTarget "HeaderView" */ = {
			isa = XCConfigurationList;
			buildConfigurations = (
				D70FE66B211B16DB00D2C382 /* Debug */,
				D70FE66C211B16DB00D2C382 /* Release */,
			);
			defaultConfigurationIsVisible = 0;
			defaultConfigurationName = Release;
		};
		D70FE66D211B16DB00D2C382 /* Build configuration list for PBXNativeTarget "HeaderViewTests" */ = {
			isa = XCConfigurationList;
			buildConfigurations = (
				D70FE66E211B16DB00D2C382 /* Debug */,
				D70FE66F211B16DB00D2C382 /* Release */,
			);
			defaultConfigurationIsVisible = 0;
			defaultConfigurationName = Release;
		};
/* End XCConfigurationList section */
	};
	rootObject = D70FE645211B16DA00D2C382 /* Project object */;
}
